// !$*UTF8*$!
{
	archiveVersion = 1;
	classes = {
	};
	objectVersion = 55;
	objects = {

/* Begin PBXBuildFile section */
		D96AC1E828A5FFFD00ACEA08 /* newsApp.swift in Sources */ = {isa = PBXBuildFile; fileRef = D96AC1E728A5FFFD00ACEA08 /* newsApp.swift */; };
		D96AC1EC28A5FFFF00ACEA08 /* Assets.xcassets in Resources */ = {isa = PBXBuildFile; fileRef = D96AC1EB28A5FFFF00ACEA08 /* Assets.xcassets */; };
		D96AC1EF28A5FFFF00ACEA08 /* Preview Assets.xcassets in Resources */ = {isa = PBXBuildFile; fileRef = D96AC1EE28A5FFFF00ACEA08 /* Preview Assets.xcassets */; };
		D96AC1F928A6000000ACEA08 /* newsTests.swift in Sources */ = {isa = PBXBuildFile; fileRef = D96AC1F828A6000000ACEA08 /* newsTests.swift */; };
		D96AC20328A6000000ACEA08 /* newsUITests.swift in Sources */ = {isa = PBXBuildFile; fileRef = D96AC20228A6000000ACEA08 /* newsUITests.swift */; };
		D96AC20528A6000000ACEA08 /* newsUITestsLaunchTests.swift in Sources */ = {isa = PBXBuildFile; fileRef = D96AC20428A6000000ACEA08 /* newsUITestsLaunchTests.swift */; };
		D96AC21D28A6014500ACEA08 /* SplashView.swift in Sources */ = {isa = PBXBuildFile; fileRef = D96AC21C28A6014500ACEA08 /* SplashView.swift */; };
		D96AC21F28A601CC00ACEA08 /* HomeView.swift in Sources */ = {isa = PBXBuildFile; fileRef = D96AC21E28A601CC00ACEA08 /* HomeView.swift */; };
		D96AC22128A6041B00ACEA08 /* HomeViewModel.swift in Sources */ = {isa = PBXBuildFile; fileRef = D96AC22028A6041A00ACEA08 /* HomeViewModel.swift */; };
		D96AC22628A6049700ACEA08 /* News.swift in Sources */ = {isa = PBXBuildFile; fileRef = D96AC22528A6049700ACEA08 /* News.swift */; };
		D96AC22828A6071F00ACEA08 /* NewsAPIs.swift in Sources */ = {isa = PBXBuildFile; fileRef = D96AC22728A6071F00ACEA08 /* NewsAPIs.swift */; };
		D96AC22A28A608CF00ACEA08 /* Response.swift in Sources */ = {isa = PBXBuildFile; fileRef = D96AC22928A608CF00ACEA08 /* Response.swift */; };
		D96AC22C28A60A7600ACEA08 /* NewsRepositoryImplementation.swift in Sources */ = {isa = PBXBuildFile; fileRef = D96AC22B28A60A7600ACEA08 /* NewsRepositoryImplementation.swift */; };
		D96AC22E28A60A9E00ACEA08 /* NewsRepository.swift in Sources */ = {isa = PBXBuildFile; fileRef = D96AC22D28A60A9E00ACEA08 /* NewsRepository.swift */; };
		D96AC23028A60E3000ACEA08 /* GetAllArticles.swift in Sources */ = {isa = PBXBuildFile; fileRef = D96AC22F28A60E3000ACEA08 /* GetAllArticles.swift */; };
		D96AC23228A60FAC00ACEA08 /* GetNewsById.swift in Sources */ = {isa = PBXBuildFile; fileRef = D96AC23128A60FAC00ACEA08 /* GetNewsById.swift */; };
		D96AC23428A6235400ACEA08 /* DetailsView.swift in Sources */ = {isa = PBXBuildFile; fileRef = D96AC23328A6235400ACEA08 /* DetailsView.swift */; };
/* End PBXBuildFile section */

/* Begin PBXContainerItemProxy section */
		D96AC1F528A6000000ACEA08 /* PBXContainerItemProxy */ = {
			isa = PBXContainerItemProxy;
			containerPortal = D96AC1DC28A5FFFD00ACEA08 /* Project object */;
			proxyType = 1;
			remoteGlobalIDString = D96AC1E328A5FFFD00ACEA08;
			remoteInfo = news;
		};
		D96AC1FF28A6000000ACEA08 /* PBXContainerItemProxy */ = {
			isa = PBXContainerItemProxy;
			containerPortal = D96AC1DC28A5FFFD00ACEA08 /* Project object */;
			proxyType = 1;
			remoteGlobalIDString = D96AC1E328A5FFFD00ACEA08;
			remoteInfo = news;
		};
/* End PBXContainerItemProxy section */

/* Begin PBXFileReference section */
		D96AC1E428A5FFFD00ACEA08 /* news.app */ = {isa = PBXFileReference; explicitFileType = wrapper.application; includeInIndex = 0; path = news.app; sourceTree = BUILT_PRODUCTS_DIR; };
		D96AC1E728A5FFFD00ACEA08 /* newsApp.swift */ = {isa = PBXFileReference; lastKnownFileType = sourcecode.swift; path = newsApp.swift; sourceTree = "<group>"; };
		D96AC1EB28A5FFFF00ACEA08 /* Assets.xcassets */ = {isa = PBXFileReference; lastKnownFileType = folder.assetcatalog; path = Assets.xcassets; sourceTree = "<group>"; };
		D96AC1EE28A5FFFF00ACEA08 /* Preview Assets.xcassets */ = {isa = PBXFileReference; lastKnownFileType = folder.assetcatalog; path = "Preview Assets.xcassets"; sourceTree = "<group>"; };
		D96AC1F428A6000000ACEA08 /* newsTests.xctest */ = {isa = PBXFileReference; explicitFileType = wrapper.cfbundle; includeInIndex = 0; path = newsTests.xctest; sourceTree = BUILT_PRODUCTS_DIR; };
		D96AC1F828A6000000ACEA08 /* newsTests.swift */ = {isa = PBXFileReference; lastKnownFileType = sourcecode.swift; path = newsTests.swift; sourceTree = "<group>"; };
		D96AC1FE28A6000000ACEA08 /* newsUITests.xctest */ = {isa = PBXFileReference; explicitFileType = wrapper.cfbundle; includeInIndex = 0; path = newsUITests.xctest; sourceTree = BUILT_PRODUCTS_DIR; };
		D96AC20228A6000000ACEA08 /* newsUITests.swift */ = {isa = PBXFileReference; lastKnownFileType = sourcecode.swift; path = newsUITests.swift; sourceTree = "<group>"; };
		D96AC20428A6000000ACEA08 /* newsUITestsLaunchTests.swift */ = {isa = PBXFileReference; lastKnownFileType = sourcecode.swift; path = newsUITestsLaunchTests.swift; sourceTree = "<group>"; };
		D96AC21C28A6014500ACEA08 /* SplashView.swift */ = {isa = PBXFileReference; lastKnownFileType = sourcecode.swift; path = SplashView.swift; sourceTree = "<group>"; };
		D96AC21E28A601CC00ACEA08 /* HomeView.swift */ = {isa = PBXFileReference; lastKnownFileType = sourcecode.swift; path = HomeView.swift; sourceTree = "<group>"; };
		D96AC22028A6041A00ACEA08 /* HomeViewModel.swift */ = {isa = PBXFileReference; lastKnownFileType = sourcecode.swift; path = HomeViewModel.swift; sourceTree = "<group>"; };
		D96AC22528A6049700ACEA08 /* News.swift */ = {isa = PBXFileReference; lastKnownFileType = sourcecode.swift; path = News.swift; sourceTree = "<group>"; };
		D96AC22728A6071F00ACEA08 /* NewsAPIs.swift */ = {isa = PBXFileReference; lastKnownFileType = sourcecode.swift; path = NewsAPIs.swift; sourceTree = "<group>"; };
		D96AC22928A608CF00ACEA08 /* Response.swift */ = {isa = PBXFileReference; lastKnownFileType = sourcecode.swift; path = Response.swift; sourceTree = "<group>"; };
		D96AC22B28A60A7600ACEA08 /* NewsRepositoryImplementation.swift */ = {isa = PBXFileReference; lastKnownFileType = sourcecode.swift; path = NewsRepositoryImplementation.swift; sourceTree = "<group>"; };
		D96AC22D28A60A9E00ACEA08 /* NewsRepository.swift */ = {isa = PBXFileReference; lastKnownFileType = sourcecode.swift; path = NewsRepository.swift; sourceTree = "<group>"; };
		D96AC22F28A60E3000ACEA08 /* GetAllArticles.swift */ = {isa = PBXFileReference; lastKnownFileType = sourcecode.swift; path = GetAllArticles.swift; sourceTree = "<group>"; };
		D96AC23128A60FAC00ACEA08 /* GetNewsById.swift */ = {isa = PBXFileReference; lastKnownFileType = sourcecode.swift; path = GetNewsById.swift; sourceTree = "<group>"; };
		D96AC23328A6235400ACEA08 /* DetailsView.swift */ = {isa = PBXFileReference; lastKnownFileType = sourcecode.swift; path = DetailsView.swift; sourceTree = "<group>"; };
/* End PBXFileReference section */

/* Begin PBXFrameworksBuildPhase section */
		D96AC1E128A5FFFD00ACEA08 /* Frameworks */ = {
			isa = PBXFrameworksBuildPhase;
			buildActionMask = 2147483647;
			files = (
			);
			runOnlyForDeploymentPostprocessing = 0;
		};
		D96AC1F128A6000000ACEA08 /* Frameworks */ = {
			isa = PBXFrameworksBuildPhase;
			buildActionMask = 2147483647;
			files = (
			);
			runOnlyForDeploymentPostprocessing = 0;
		};
		D96AC1FB28A6000000ACEA08 /* Frameworks */ = {
			isa = PBXFrameworksBuildPhase;
			buildActionMask = 2147483647;
			files = (
			);
			runOnlyForDeploymentPostprocessing = 0;
		};
/* End PBXFrameworksBuildPhase section */

/* Begin PBXGroup section */
		D96AC1DB28A5FFFD00ACEA08 = {
			isa = PBXGroup;
			children = (
				D96AC1E628A5FFFD00ACEA08 /* news */,
				D96AC1F728A6000000ACEA08 /* newsTests */,
				D96AC20128A6000000ACEA08 /* newsUITests */,
				D96AC1E528A5FFFD00ACEA08 /* Products */,
			);
			sourceTree = "<group>";
		};
		D96AC1E528A5FFFD00ACEA08 /* Products */ = {
			isa = PBXGroup;
			children = (
				D96AC1E428A5FFFD00ACEA08 /* news.app */,
				D96AC1F428A6000000ACEA08 /* newsTests.xctest */,
				D96AC1FE28A6000000ACEA08 /* newsUITests.xctest */,
			);
			name = Products;
			sourceTree = "<group>";
		};
		D96AC1E628A5FFFD00ACEA08 /* news */ = {
			isa = PBXGroup;
			children = (
				D96AC21328A600AD00ACEA08 /* domain */,
				D96AC21228A6009F00ACEA08 /* data */,
				D96AC21128A6009400ACEA08 /* presentation */,
				D96AC1E728A5FFFD00ACEA08 /* newsApp.swift */,
				D96AC1EB28A5FFFF00ACEA08 /* Assets.xcassets */,
				D96AC1ED28A5FFFF00ACEA08 /* Preview Content */,
			);
			path = news;
			sourceTree = "<group>";
		};
		D96AC1ED28A5FFFF00ACEA08 /* Preview Content */ = {
			isa = PBXGroup;
			children = (
				D96AC1EE28A5FFFF00ACEA08 /* Preview Assets.xcassets */,
			);
			path = "Preview Content";
			sourceTree = "<group>";
		};
		D96AC1F728A6000000ACEA08 /* newsTests */ = {
			isa = PBXGroup;
			children = (
				D96AC1F828A6000000ACEA08 /* newsTests.swift */,
			);
			path = newsTests;
			sourceTree = "<group>";
		};
		D96AC20128A6000000ACEA08 /* newsUITests */ = {
			isa = PBXGroup;
			children = (
				D96AC20228A6000000ACEA08 /* newsUITests.swift */,
				D96AC20428A6000000ACEA08 /* newsUITestsLaunchTests.swift */,
			);
			path = newsUITests;
			sourceTree = "<group>";
		};
		D96AC21128A6009400ACEA08 /* presentation */ = {
			isa = PBXGroup;
			children = (
				D96AC21628A600DB00ACEA08 /* details */,
				D96AC21528A600D300ACEA08 /* home */,
				D96AC21428A600C900ACEA08 /* splash */,
			);
			path = presentation;
			sourceTree = "<group>";
		};
		D96AC21228A6009F00ACEA08 /* data */ = {
			isa = PBXGroup;
			children = (
				D96AC21B28A6010E00ACEA08 /* api */,
				D96AC21A28A6010700ACEA08 /* model */,
				D96AC21928A600FC00ACEA08 /* repository */,
			);
			path = data;
			sourceTree = "<group>";
		};
		D96AC21328A600AD00ACEA08 /* domain */ = {
			isa = PBXGroup;
			children = (
				D96AC21828A600F500ACEA08 /* usecase */,
				D96AC21728A600E700ACEA08 /* repository */,
			);
			path = domain;
			sourceTree = "<group>";
		};
		D96AC21428A600C900ACEA08 /* splash */ = {
			isa = PBXGroup;
			children = (
				D96AC21C28A6014500ACEA08 /* SplashView.swift */,
			);
			path = splash;
			sourceTree = "<group>";
		};
		D96AC21528A600D300ACEA08 /* home */ = {
			isa = PBXGroup;
			children = (
				D96AC21E28A601CC00ACEA08 /* HomeView.swift */,
				D96AC22028A6041A00ACEA08 /* HomeViewModel.swift */,
			);
			path = home;
			sourceTree = "<group>";
		};
		D96AC21628A600DB00ACEA08 /* details */ = {
			isa = PBXGroup;
			children = (
				D96AC23328A6235400ACEA08 /* DetailsView.swift */,
			);
			path = details;
			sourceTree = "<group>";
		};
		D96AC21728A600E700ACEA08 /* repository */ = {
			isa = PBXGroup;
			children = (
				D96AC22D28A60A9E00ACEA08 /* NewsRepository.swift */,
			);
			name = repository;
			path = ../data/repository;
			sourceTree = "<group>";
		};
		D96AC21828A600F500ACEA08 /* usecase */ = {
			isa = PBXGroup;
			children = (
				D96AC22F28A60E3000ACEA08 /* GetAllArticles.swift */,
				D96AC23128A60FAC00ACEA08 /* GetNewsById.swift */,
			);
			path = usecase;
			sourceTree = "<group>";
		};
		D96AC21928A600FC00ACEA08 /* repository */ = {
			isa = PBXGroup;
			children = (
				D96AC22B28A60A7600ACEA08 /* NewsRepositoryImplementation.swift */,
			);
			name = repository;
			path = ../domain/repository;
			sourceTree = "<group>";
		};
		D96AC21A28A6010700ACEA08 /* model */ = {
			isa = PBXGroup;
			children = (
				D96AC22528A6049700ACEA08 /* News.swift */,
			);
			path = model;
			sourceTree = "<group>";
		};
		D96AC21B28A6010E00ACEA08 /* api */ = {
			isa = PBXGroup;
			children = (
				D96AC22728A6071F00ACEA08 /* NewsAPIs.swift */,
				D96AC22928A608CF00ACEA08 /* Response.swift */,
			);
			path = api;
			sourceTree = "<group>";
		};
/* End PBXGroup section */

/* Begin PBXNativeTarget section */
		D96AC1E328A5FFFD00ACEA08 /* news */ = {
			isa = PBXNativeTarget;
			buildConfigurationList = D96AC20828A6000000ACEA08 /* Build configuration list for PBXNativeTarget "news" */;
			buildPhases = (
				D96AC1E028A5FFFD00ACEA08 /* Sources */,
				D96AC1E128A5FFFD00ACEA08 /* Frameworks */,
				D96AC1E228A5FFFD00ACEA08 /* Resources */,
			);
			buildRules = (
			);
			dependencies = (
			);
			name = news;
			productName = news;
			productReference = D96AC1E428A5FFFD00ACEA08 /* news.app */;
			productType = "com.apple.product-type.application";
		};
		D96AC1F328A6000000ACEA08 /* newsTests */ = {
			isa = PBXNativeTarget;
			buildConfigurationList = D96AC20B28A6000000ACEA08 /* Build configuration list for PBXNativeTarget "newsTests" */;
			buildPhases = (
				D96AC1F028A6000000ACEA08 /* Sources */,
				D96AC1F128A6000000ACEA08 /* Frameworks */,
				D96AC1F228A6000000ACEA08 /* Resources */,
			);
			buildRules = (
			);
			dependencies = (
				D96AC1F628A6000000ACEA08 /* PBXTargetDependency */,
			);
			name = newsTests;
			productName = newsTests;
			productReference = D96AC1F428A6000000ACEA08 /* newsTests.xctest */;
			productType = "com.apple.product-type.bundle.unit-test";
		};
		D96AC1FD28A6000000ACEA08 /* newsUITests */ = {
			isa = PBXNativeTarget;
			buildConfigurationList = D96AC20E28A6000000ACEA08 /* Build configuration list for PBXNativeTarget "newsUITests" */;
			buildPhases = (
				D96AC1FA28A6000000ACEA08 /* Sources */,
				D96AC1FB28A6000000ACEA08 /* Frameworks */,
				D96AC1FC28A6000000ACEA08 /* Resources */,
			);
			buildRules = (
			);
			dependencies = (
				D96AC20028A6000000ACEA08 /* PBXTargetDependency */,
			);
			name = newsUITests;
			productName = newsUITests;
			productReference = D96AC1FE28A6000000ACEA08 /* newsUITests.xctest */;
			productType = "com.apple.product-type.bundle.ui-testing";
		};
/* End PBXNativeTarget section */

/* Begin PBXProject section */
		D96AC1DC28A5FFFD00ACEA08 /* Project object */ = {
			isa = PBXProject;
			attributes = {
				BuildIndependentTargetsInParallel = 1;
				LastSwiftUpdateCheck = 1340;
				LastUpgradeCheck = 1340;
				TargetAttributes = {
					D96AC1E328A5FFFD00ACEA08 = {
						CreatedOnToolsVersion = 13.4.1;
					};
					D96AC1F328A6000000ACEA08 = {
						CreatedOnToolsVersion = 13.4.1;
						TestTargetID = D96AC1E328A5FFFD00ACEA08;
					};
					D96AC1FD28A6000000ACEA08 = {
						CreatedOnToolsVersion = 13.4.1;
						TestTargetID = D96AC1E328A5FFFD00ACEA08;
					};
				};
			};
			buildConfigurationList = D96AC1DF28A5FFFD00ACEA08 /* Build configuration list for PBXProject "news" */;
			compatibilityVersion = "Xcode 13.0";
			developmentRegion = en;
			hasScannedForEncodings = 0;
			knownRegions = (
				en,
				Base,
			);
			mainGroup = D96AC1DB28A5FFFD00ACEA08;
			productRefGroup = D96AC1E528A5FFFD00ACEA08 /* Products */;
			projectDirPath = "";
			projectRoot = "";
			targets = (
				D96AC1E328A5FFFD00ACEA08 /* news */,
				D96AC1F328A6000000ACEA08 /* newsTests */,
				D96AC1FD28A6000000ACEA08 /* newsUITests */,
			);
		};
/* End PBXProject section */

/* Begin PBXResourcesBuildPhase section */
		D96AC1E228A5FFFD00ACEA08 /* Resources */ = {
			isa = PBXResourcesBuildPhase;
			buildActionMask = 2147483647;
			files = (
				D96AC1EF28A5FFFF00ACEA08 /* Preview Assets.xcassets in Resources */,
				D96AC1EC28A5FFFF00ACEA08 /* Assets.xcassets in Resources */,
			);
			runOnlyForDeploymentPostprocessing = 0;
		};
		D96AC1F228A6000000ACEA08 /* Resources */ = {
			isa = PBXResourcesBuildPhase;
			buildActionMask = 2147483647;
			files = (
			);
			runOnlyForDeploymentPostprocessing = 0;
		};
		D96AC1FC28A6000000ACEA08 /* Resources */ = {
			isa = PBXResourcesBuildPhase;
			buildActionMask = 2147483647;
			files = (
			);
			runOnlyForDeploymentPostprocessing = 0;
		};
/* End PBXResourcesBuildPhase section */

/* Begin PBXSourcesBuildPhase section */
		D96AC1E028A5FFFD00ACEA08 /* Sources */ = {
			isa = PBXSourcesBuildPhase;
			buildActionMask = 2147483647;
			files = (
				D96AC22C28A60A7600ACEA08 /* NewsRepositoryImplementation.swift in Sources */,
				D96AC21F28A601CC00ACEA08 /* HomeView.swift in Sources */,
				D96AC22828A6071F00ACEA08 /* NewsAPIs.swift in Sources */,
				D96AC1E828A5FFFD00ACEA08 /* newsApp.swift in Sources */,
				D96AC21D28A6014500ACEA08 /* SplashView.swift in Sources */,
				D96AC23428A6235400ACEA08 /* DetailsView.swift in Sources */,
				D96AC23228A60FAC00ACEA08 /* GetNewsById.swift in Sources */,
				D96AC22628A6049700ACEA08 /* News.swift in Sources */,
				D96AC22128A6041B00ACEA08 /* HomeViewModel.swift in Sources */,
				D96AC22A28A608CF00ACEA08 /* Response.swift in Sources */,
				D96AC22E28A60A9E00ACEA08 /* NewsRepository.swift in Sources */,
				D96AC23028A60E3000ACEA08 /* GetAllArticles.swift in Sources */,
			);
			runOnlyForDeploymentPostprocessing = 0;
		};
		D96AC1F028A6000000ACEA08 /* Sources */ = {
			isa = PBXSourcesBuildPhase;
			buildActionMask = 2147483647;
			files = (
				D96AC1F928A6000000ACEA08 /* newsTests.swift in Sources */,
			);
			runOnlyForDeploymentPostprocessing = 0;
		};
		D96AC1FA28A6000000ACEA08 /* Sources */ = {
			isa = PBXSourcesBuildPhase;
			buildActionMask = 2147483647;
			files = (
				D96AC20328A6000000ACEA08 /* newsUITests.swift in Sources */,
				D96AC20528A6000000ACEA08 /* newsUITestsLaunchTests.swift in Sources */,
			);
			runOnlyForDeploymentPostprocessing = 0;
		};
/* End PBXSourcesBuildPhase section */

/* Begin PBXTargetDependency section */
		D96AC1F628A6000000ACEA08 /* PBXTargetDependency */ = {
			isa = PBXTargetDependency;
			target = D96AC1E328A5FFFD00ACEA08 /* news */;
			targetProxy = D96AC1F528A6000000ACEA08 /* PBXContainerItemProxy */;
		};
		D96AC20028A6000000ACEA08 /* PBXTargetDependency */ = {
			isa = PBXTargetDependency;
			target = D96AC1E328A5FFFD00ACEA08 /* news */;
			targetProxy = D96AC1FF28A6000000ACEA08 /* PBXContainerItemProxy */;
		};
/* End PBXTargetDependency section */

/* Begin XCBuildConfiguration section */
		D96AC20628A6000000ACEA08 /* Debug */ = {
			isa = XCBuildConfiguration;
			buildSettings = {
				ALWAYS_SEARCH_USER_PATHS = NO;
				CLANG_ANALYZER_NONNULL = YES;
				CLANG_ANALYZER_NUMBER_OBJECT_CONVERSION = YES_AGGRESSIVE;
				CLANG_CXX_LANGUAGE_STANDARD = "gnu++17";
				CLANG_ENABLE_MODULES = YES;
				CLANG_ENABLE_OBJC_ARC = YES;
				CLANG_ENABLE_OBJC_WEAK = YES;
				CLANG_WARN_BLOCK_CAPTURE_AUTORELEASING = YES;
				CLANG_WARN_BOOL_CONVERSION = YES;
				CLANG_WARN_COMMA = YES;
				CLANG_WARN_CONSTANT_CONVERSION = YES;
				CLANG_WARN_DEPRECATED_OBJC_IMPLEMENTATIONS = YES;
				CLANG_WARN_DIRECT_OBJC_ISA_USAGE = YES_ERROR;
				CLANG_WARN_DOCUMENTATION_COMMENTS = YES;
				CLANG_WARN_EMPTY_BODY = YES;
				CLANG_WARN_ENUM_CONVERSION = YES;
				CLANG_WARN_INFINITE_RECURSION = YES;
				CLANG_WARN_INT_CONVERSION = YES;
				CLANG_WARN_NON_LITERAL_NULL_CONVERSION = YES;
				CLANG_WARN_OBJC_IMPLICIT_RETAIN_SELF = YES;
				CLANG_WARN_OBJC_LITERAL_CONVERSION = YES;
				CLANG_WARN_OBJC_ROOT_CLASS = YES_ERROR;
				CLANG_WARN_QUOTED_INCLUDE_IN_FRAMEWORK_HEADER = YES;
				CLANG_WARN_RANGE_LOOP_ANALYSIS = YES;
				CLANG_WARN_STRICT_PROTOTYPES = YES;
				CLANG_WARN_SUSPICIOUS_MOVE = YES;
				CLANG_WARN_UNGUARDED_AVAILABILITY = YES_AGGRESSIVE;
				CLANG_WARN_UNREACHABLE_CODE = YES;
				CLANG_WARN__DUPLICATE_METHOD_MATCH = YES;
				COPY_PHASE_STRIP = NO;
				DEBUG_INFORMATION_FORMAT = dwarf;
				ENABLE_STRICT_OBJC_MSGSEND = YES;
				ENABLE_TESTABILITY = YES;
				GCC_C_LANGUAGE_STANDARD = gnu11;
				GCC_DYNAMIC_NO_PIC = NO;
				GCC_NO_COMMON_BLOCKS = YES;
				GCC_OPTIMIZATION_LEVEL = 0;
				GCC_PREPROCESSOR_DEFINITIONS = (
					"DEBUG=1",
					"$(inherited)",
				);
				GCC_WARN_64_TO_32_BIT_CONVERSION = YES;
				GCC_WARN_ABOUT_RETURN_TYPE = YES_ERROR;
				GCC_WARN_UNDECLARED_SELECTOR = YES;
				GCC_WARN_UNINITIALIZED_AUTOS = YES_AGGRESSIVE;
				GCC_WARN_UNUSED_FUNCTION = YES;
				GCC_WARN_UNUSED_VARIABLE = YES;
				IPHONEOS_DEPLOYMENT_TARGET = 15.5;
				MTL_ENABLE_DEBUG_INFO = INCLUDE_SOURCE;
				MTL_FAST_MATH = YES;
				ONLY_ACTIVE_ARCH = YES;
				SDKROOT = iphoneos;
				SWIFT_ACTIVE_COMPILATION_CONDITIONS = DEBUG;
				SWIFT_OPTIMIZATION_LEVEL = "-Onone";
			};
			name = Debug;
		};
		D96AC20728A6000000ACEA08 /* Release */ = {
			isa = XCBuildConfiguration;
			buildSettings = {
				ALWAYS_SEARCH_USER_PATHS = NO;
				CLANG_ANALYZER_NONNULL = YES;
				CLANG_ANALYZER_NUMBER_OBJECT_CONVERSION = YES_AGGRESSIVE;
				CLANG_CXX_LANGUAGE_STANDARD = "gnu++17";
				CLANG_ENABLE_MODULES = YES;
				CLANG_ENABLE_OBJC_ARC = YES;
				CLANG_ENABLE_OBJC_WEAK = YES;
				CLANG_WARN_BLOCK_CAPTURE_AUTORELEASING = YES;
				CLANG_WARN_BOOL_CONVERSION = YES;
				CLANG_WARN_COMMA = YES;
				CLANG_WARN_CONSTANT_CONVERSION = YES;
				CLANG_WARN_DEPRECATED_OBJC_IMPLEMENTATIONS = YES;
				CLANG_WARN_DIRECT_OBJC_ISA_USAGE = YES_ERROR;
				CLANG_WARN_DOCUMENTATION_COMMENTS = YES;
				CLANG_WARN_EMPTY_BODY = YES;
				CLANG_WARN_ENUM_CONVERSION = YES;
				CLANG_WARN_INFINITE_RECURSION = YES;
				CLANG_WARN_INT_CONVERSION = YES;
				CLANG_WARN_NON_LITERAL_NULL_CONVERSION = YES;
				CLANG_WARN_OBJC_IMPLICIT_RETAIN_SELF = YES;
				CLANG_WARN_OBJC_LITERAL_CONVERSION = YES;
				CLANG_WARN_OBJC_ROOT_CLASS = YES_ERROR;
				CLANG_WARN_QUOTED_INCLUDE_IN_FRAMEWORK_HEADER = YES;
				CLANG_WARN_RANGE_LOOP_ANALYSIS = YES;
				CLANG_WARN_STRICT_PROTOTYPES = YES;
				CLANG_WARN_SUSPICIOUS_MOVE = YES;
				CLANG_WARN_UNGUARDED_AVAILABILITY = YES_AGGRESSIVE;
				CLANG_WARN_UNREACHABLE_CODE = YES;
				CLANG_WARN__DUPLICATE_METHOD_MATCH = YES;
				COPY_PHASE_STRIP = NO;
				DEBUG_INFORMATION_FORMAT = "dwarf-with-dsym";
				ENABLE_NS_ASSERTIONS = NO;
				ENABLE_STRICT_OBJC_MSGSEND = YES;
				GCC_C_LANGUAGE_STANDARD = gnu11;
				GCC_NO_COMMON_BLOCKS = YES;
				GCC_WARN_64_TO_32_BIT_CONVERSION = YES;
				GCC_WARN_ABOUT_RETURN_TYPE = YES_ERROR;
				GCC_WARN_UNDECLARED_SELECTOR = YES;
				GCC_WARN_UNINITIALIZED_AUTOS = YES_AGGRESSIVE;
				GCC_WARN_UNUSED_FUNCTION = YES;
				GCC_WARN_UNUSED_VARIABLE = YES;
				IPHONEOS_DEPLOYMENT_TARGET = 15.5;
				MTL_ENABLE_DEBUG_INFO = NO;
				MTL_FAST_MATH = YES;
				SDKROOT = iphoneos;
				SWIFT_COMPILATION_MODE = wholemodule;
				SWIFT_OPTIMIZATION_LEVEL = "-O";
				VALIDATE_PRODUCT = YES;
			};
			name = Release;
		};
		D96AC20928A6000000ACEA08 /* Debug */ = {
			isa = XCBuildConfiguration;
			buildSettings = {
				ASSETCATALOG_COMPILER_APPICON_NAME = AppIcon;
				ASSETCATALOG_COMPILER_GLOBAL_ACCENT_COLOR_NAME = AccentColor;
				CODE_SIGN_STYLE = Automatic;
				CURRENT_PROJECT_VERSION = 1;
				DEVELOPMENT_ASSET_PATHS = "\"news/Preview Content\"";
				DEVELOPMENT_TEAM = 4DP42ZHY68;
				ENABLE_PREVIEWS = YES;
				GENERATE_INFOPLIST_FILE = YES;
				INFOPLIST_KEY_UIApplicationSceneManifest_Generation = YES;
				INFOPLIST_KEY_UIApplicationSupportsIndirectInputEvents = YES;
				INFOPLIST_KEY_UILaunchScreen_Generation = YES;
				INFOPLIST_KEY_UISupportedInterfaceOrientations_iPad = "UIInterfaceOrientationPortrait UIInterfaceOrientationPortraitUpsideDown UIInterfaceOrientationLandscapeLeft UIInterfaceOrientationLandscapeRight";
				INFOPLIST_KEY_UISupportedInterfaceOrientations_iPhone = "UIInterfaceOrientationPortrait UIInterfaceOrientationLandscapeLeft UIInterfaceOrientationLandscapeRight";
				LD_RUNPATH_SEARCH_PATHS = (
					"$(inherited)",
					"@executable_path/Frameworks",
				);
				MARKETING_VERSION = 1.0;
				PRODUCT_BUNDLE_IDENTIFIER = com.linkdevelopment.news;
				PRODUCT_NAME = "$(TARGET_NAME)";
				SWIFT_EMIT_LOC_STRINGS = YES;
				SWIFT_VERSION = 5.0;
				TARGETED_DEVICE_FAMILY = "1,2";
			};
			name = Debug;
		};
		D96AC20A28A6000000ACEA08 /* Release */ = {
			isa = XCBuildConfiguration;
			buildSettings = {
				ASSETCATALOG_COMPILER_APPICON_NAME = AppIcon;
				ASSETCATALOG_COMPILER_GLOBAL_ACCENT_COLOR_NAME = AccentColor;
				CODE_SIGN_STYLE = Automatic;
				CURRENT_PROJECT_VERSION = 1;
				DEVELOPMENT_ASSET_PATHS = "\"news/Preview Content\"";
				DEVELOPMENT_TEAM = 4DP42ZHY68;
				ENABLE_PREVIEWS = YES;
				GENERATE_INFOPLIST_FILE = YES;
				INFOPLIST_KEY_UIApplicationSceneManifest_Generation = YES;
				INFOPLIST_KEY_UIApplicationSupportsIndirectInputEvents = YES;
				INFOPLIST_KEY_UILaunchScreen_Generation = YES;
				INFOPLIST_KEY_UISupportedInterfaceOrientations_iPad = "UIInterfaceOrientationPortrait UIInterfaceOrientationPortraitUpsideDown UIInterfaceOrientationLandscapeLeft UIInterfaceOrientationLandscapeRight";
				INFOPLIST_KEY_UISupportedInterfaceOrientations_iPhone = "UIInterfaceOrientationPortrait UIInterfaceOrientationLandscapeLeft UIInterfaceOrientationLandscapeRight";
				LD_RUNPATH_SEARCH_PATHS = (
					"$(inherited)",
					"@executable_path/Frameworks",
				);
				MARKETING_VERSION = 1.0;
				PRODUCT_BUNDLE_IDENTIFIER = com.linkdevelopment.news;
				PRODUCT_NAME = "$(TARGET_NAME)";
				SWIFT_EMIT_LOC_STRINGS = YES;
				SWIFT_VERSION = 5.0;
				TARGETED_DEVICE_FAMILY = "1,2";
			};
			name = Release;
		};
		D96AC20C28A6000000ACEA08 /* Debug */ = {
			isa = XCBuildConfiguration;
			buildSettings = {
				ALWAYS_EMBED_SWIFT_STANDARD_LIBRARIES = YES;
				BUNDLE_LOADER = "$(TEST_HOST)";
				CODE_SIGN_STYLE = Automatic;
				CURRENT_PROJECT_VERSION = 1;
				DEVELOPMENT_TEAM = 4DP42ZHY68;
				GENERATE_INFOPLIST_FILE = YES;
				IPHONEOS_DEPLOYMENT_TARGET = 15.5;
				MARKETING_VERSION = 1.0;
				PRODUCT_BUNDLE_IDENTIFIER = com.linkdevelopment.newsTests;
				PRODUCT_NAME = "$(TARGET_NAME)";
				SWIFT_EMIT_LOC_STRINGS = NO;
				SWIFT_VERSION = 5.0;
				TARGETED_DEVICE_FAMILY = "1,2";
				TEST_HOST = "$(BUILT_PRODUCTS_DIR)/news.app/news";
			};
			name = Debug;
		};
		D96AC20D28A6000000ACEA08 /* Release */ = {
			isa = XCBuildConfiguration;
			buildSettings = {
				ALWAYS_EMBED_SWIFT_STANDARD_LIBRARIES = YES;
				BUNDLE_LOADER = "$(TEST_HOST)";
				CODE_SIGN_STYLE = Automatic;
				CURRENT_PROJECT_VERSION = 1;
				DEVELOPMENT_TEAM = 4DP42ZHY68;
				GENERATE_INFOPLIST_FILE = YES;
				IPHONEOS_DEPLOYMENT_TARGET = 15.5;
				MARKETING_VERSION = 1.0;
				PRODUCT_BUNDLE_IDENTIFIER = com.linkdevelopment.newsTests;
				PRODUCT_NAME = "$(TARGET_NAME)";
				SWIFT_EMIT_LOC_STRINGS = NO;
				SWIFT_VERSION = 5.0;
				TARGETED_DEVICE_FAMILY = "1,2";
				TEST_HOST = "$(BUILT_PRODUCTS_DIR)/news.app/news";
			};
			name = Release;
		};
		D96AC20F28A6000000ACEA08 /* Debug */ = {
			isa = XCBuildConfiguration;
			buildSettings = {
				ALWAYS_EMBED_SWIFT_STANDARD_LIBRARIES = YES;
				CODE_SIGN_STYLE = Automatic;
				CURRENT_PROJECT_VERSION = 1;
				DEVELOPMENT_TEAM = 4DP42ZHY68;
				GENERATE_INFOPLIST_FILE = YES;
				MARKETING_VERSION = 1.0;
				PRODUCT_BUNDLE_IDENTIFIER = com.linkdevelopment.newsUITests;
				PRODUCT_NAME = "$(TARGET_NAME)";
				SWIFT_EMIT_LOC_STRINGS = NO;
				SWIFT_VERSION = 5.0;
				TARGETED_DEVICE_FAMILY = "1,2";
				TEST_TARGET_NAME = news;
			};
			name = Debug;
		};
		D96AC21028A6000000ACEA08 /* Release */ = {
			isa = XCBuildConfiguration;
			buildSettings = {
				ALWAYS_EMBED_SWIFT_STANDARD_LIBRARIES = YES;
				CODE_SIGN_STYLE = Automatic;
				CURRENT_PROJECT_VERSION = 1;
				DEVELOPMENT_TEAM = 4DP42ZHY68;
				GENERATE_INFOPLIST_FILE = YES;
				MARKETING_VERSION = 1.0;
				PRODUCT_BUNDLE_IDENTIFIER = com.linkdevelopment.newsUITests;
				PRODUCT_NAME = "$(TARGET_NAME)";
				SWIFT_EMIT_LOC_STRINGS = NO;
				SWIFT_VERSION = 5.0;
				TARGETED_DEVICE_FAMILY = "1,2";
				TEST_TARGET_NAME = news;
			};
			name = Release;
		};
/* End XCBuildConfiguration section */

/* Begin XCConfigurationList section */
		D96AC1DF28A5FFFD00ACEA08 /* Build configuration list for PBXProject "news" */ = {
			isa = XCConfigurationList;
			buildConfigurations = (
				D96AC20628A6000000ACEA08 /* Debug */,
				D96AC20728A6000000ACEA08 /* Release */,
			);
			defaultConfigurationIsVisible = 0;
			defaultConfigurationName = Release;
		};
		D96AC20828A6000000ACEA08 /* Build configuration list for PBXNativeTarget "news" */ = {
			isa = XCConfigurationList;
			buildConfigurations = (
				D96AC20928A6000000ACEA08 /* Debug */,
				D96AC20A28A6000000ACEA08 /* Release */,
			);
			defaultConfigurationIsVisible = 0;
			defaultConfigurationName = Release;
		};
		D96AC20B28A6000000ACEA08 /* Build configuration list for PBXNativeTarget "newsTests" */ = {
			isa = XCConfigurationList;
			buildConfigurations = (
				D96AC20C28A6000000ACEA08 /* Debug */,
				D96AC20D28A6000000ACEA08 /* Release */,
			);
			defaultConfigurationIsVisible = 0;
			defaultConfigurationName = Release;
		};
		D96AC20E28A6000000ACEA08 /* Build configuration list for PBXNativeTarget "newsUITests" */ = {
			isa = XCConfigurationList;
			buildConfigurations = (
				D96AC20F28A6000000ACEA08 /* Debug */,
				D96AC21028A6000000ACEA08 /* Release */,
			);
			defaultConfigurationIsVisible = 0;
			defaultConfigurationName = Release;
		};
/* End XCConfigurationList section */
	};
	rootObject = D96AC1DC28A5FFFD00ACEA08 /* Project object */;
}
